// !$*UTF8*$!
{
	archiveVersion = 1;
	classes = {
	};
	objectVersion = 55;
	objects = {

/* Begin PBXBuildFile section */
		0383EE17DC9090AD528F5A3B /* libPods-Demo.a in Frameworks */ = {isa = PBXBuildFile; fileRef = 5F709ED3EC1D373655B79AA4 /* libPods-Demo.a */; };
		FB3C4A672A49C8F60080728E /* Network.framework in Frameworks */ = {isa = PBXBuildFile; fileRef = FB3C4A5F2A49C8F50080728E /* Network.framework */; };
		FB3C4A6E2A49C8F60080728E /* NetworkTests.swift in Sources */ = {isa = PBXBuildFile; fileRef = FB3C4A6D2A49C8F60080728E /* NetworkTests.swift */; };
		FB3C4A722A49C8F60080728E /* Network.framework in Frameworks */ = {isa = PBXBuildFile; fileRef = FB3C4A5F2A49C8F50080728E /* Network.framework */; };
		FB3C4A732A49C8F60080728E /* Network.framework in Embed Frameworks */ = {isa = PBXBuildFile; fileRef = FB3C4A5F2A49C8F50080728E /* Network.framework */; settings = {ATTRIBUTES = (CodeSignOnCopy, RemoveHeadersOnCopy, ); }; };
		FB3C4A7B2A49C91E0080728E /* Client.swift in Sources */ = {isa = PBXBuildFile; fileRef = FB3C4A7A2A49C91E0080728E /* Client.swift */; };
		FB3C4A7D2A49C95E0080728E /* Session.swift in Sources */ = {isa = PBXBuildFile; fileRef = FB3C4A7C2A49C95E0080728E /* Session.swift */; };
		FB3C4A7F2A49D32E0080728E /* NetworkError.swift in Sources */ = {isa = PBXBuildFile; fileRef = FB3C4A7E2A49D32E0080728E /* NetworkError.swift */; };
		FB4CEF002A2E299200382E08 /* AppDelegate.swift in Sources */ = {isa = PBXBuildFile; fileRef = FB4CEEFF2A2E299200382E08 /* AppDelegate.swift */; };
		FB4CEF022A2E299200382E08 /* SceneDelegate.swift in Sources */ = {isa = PBXBuildFile; fileRef = FB4CEF012A2E299200382E08 /* SceneDelegate.swift */; };
		FB4CEF042A2E299200382E08 /* ViewController.swift in Sources */ = {isa = PBXBuildFile; fileRef = FB4CEF032A2E299200382E08 /* ViewController.swift */; };
		FB4CEF072A2E299200382E08 /* Main.storyboard in Resources */ = {isa = PBXBuildFile; fileRef = FB4CEF052A2E299200382E08 /* Main.storyboard */; };
		FB4CEF092A2E299400382E08 /* Assets.xcassets in Resources */ = {isa = PBXBuildFile; fileRef = FB4CEF082A2E299400382E08 /* Assets.xcassets */; };
		FB4CEF0C2A2E299400382E08 /* LaunchScreen.storyboard in Resources */ = {isa = PBXBuildFile; fileRef = FB4CEF0A2A2E299400382E08 /* LaunchScreen.storyboard */; };
		FB546BB62A2634CF00333916 /* AppDelegate.swift in Sources */ = {isa = PBXBuildFile; fileRef = FB546BB52A2634CF00333916 /* AppDelegate.swift */; };
		FB546BB82A2634CF00333916 /* SceneDelegate.swift in Sources */ = {isa = PBXBuildFile; fileRef = FB546BB72A2634CF00333916 /* SceneDelegate.swift */; };
		FB546BBA2A2634CF00333916 /* ViewController.swift in Sources */ = {isa = PBXBuildFile; fileRef = FB546BB92A2634CF00333916 /* ViewController.swift */; };
		FB546BBD2A2634CF00333916 /* Main.storyboard in Resources */ = {isa = PBXBuildFile; fileRef = FB546BBB2A2634CF00333916 /* Main.storyboard */; };
		FB546BBF2A2634D000333916 /* Assets.xcassets in Resources */ = {isa = PBXBuildFile; fileRef = FB546BBE2A2634D000333916 /* Assets.xcassets */; };
		FB546BC22A2634D000333916 /* LaunchScreen.storyboard in Resources */ = {isa = PBXBuildFile; fileRef = FB546BC02A2634D000333916 /* LaunchScreen.storyboard */; };
		FFED62D658F779C5360B7BC7 /* libPods-PlumberHub.a in Frameworks */ = {isa = PBXBuildFile; fileRef = CD434D165A021DB2892329F7 /* libPods-PlumberHub.a */; };
/* End PBXBuildFile section */

/* Begin PBXContainerItemProxy section */
		FB3C4A682A49C8F60080728E /* PBXContainerItemProxy */ = {
			isa = PBXContainerItemProxy;
			containerPortal = FB546BAA2A2634CF00333916 /* Project object */;
			proxyType = 1;
			remoteGlobalIDString = FB3C4A5E2A49C8F50080728E;
			remoteInfo = Network;
		};
		FB3C4A6A2A49C8F60080728E /* PBXContainerItemProxy */ = {
			isa = PBXContainerItemProxy;
			containerPortal = FB546BAA2A2634CF00333916 /* Project object */;
			proxyType = 1;
			remoteGlobalIDString = FB546BB12A2634CF00333916;
			remoteInfo = PlumberHub;
		};
		FB3C4A702A49C8F60080728E /* PBXContainerItemProxy */ = {
			isa = PBXContainerItemProxy;
			containerPortal = FB546BAA2A2634CF00333916 /* Project object */;
			proxyType = 1;
			remoteGlobalIDString = FB3C4A5E2A49C8F50080728E;
			remoteInfo = Network;
		};
/* End PBXContainerItemProxy section */

/* Begin PBXCopyFilesBuildPhase section */
		FB3208072A2E2B34000DAD5F /* Embed Frameworks */ = {
			isa = PBXCopyFilesBuildPhase;
			buildActionMask = 2147483647;
			dstPath = "";
			dstSubfolderSpec = 10;
			files = (
				FB3C4A732A49C8F60080728E /* Network.framework in Embed Frameworks */,
			);
			name = "Embed Frameworks";
			runOnlyForDeploymentPostprocessing = 0;
		};
/* End PBXCopyFilesBuildPhase section */

/* Begin PBXFileReference section */
		50D7538A4687DA0ACBB3C730 /* Pods-PlumberHub.release.xcconfig */ = {isa = PBXFileReference; includeInIndex = 1; lastKnownFileType = text.xcconfig; name = "Pods-PlumberHub.release.xcconfig"; path = "Target Support Files/Pods-PlumberHub/Pods-PlumberHub.release.xcconfig"; sourceTree = "<group>"; };
		5F709ED3EC1D373655B79AA4 /* libPods-Demo.a */ = {isa = PBXFileReference; explicitFileType = archive.ar; includeInIndex = 0; path = "libPods-Demo.a"; sourceTree = BUILT_PRODUCTS_DIR; };
		AE9E86387A9A27F650AE6B9E /* Pods-Demo.debug.xcconfig */ = {isa = PBXFileReference; includeInIndex = 1; lastKnownFileType = text.xcconfig; name = "Pods-Demo.debug.xcconfig"; path = "Target Support Files/Pods-Demo/Pods-Demo.debug.xcconfig"; sourceTree = "<group>"; };
		CD434D165A021DB2892329F7 /* libPods-PlumberHub.a */ = {isa = PBXFileReference; explicitFileType = archive.ar; includeInIndex = 0; path = "libPods-PlumberHub.a"; sourceTree = BUILT_PRODUCTS_DIR; };
		DC4CF2E552F6E4FE0B446111 /* Pods-Demo.release.xcconfig */ = {isa = PBXFileReference; includeInIndex = 1; lastKnownFileType = text.xcconfig; name = "Pods-Demo.release.xcconfig"; path = "Target Support Files/Pods-Demo/Pods-Demo.release.xcconfig"; sourceTree = "<group>"; };
		F3F58496A1A65318B9ED8135 /* Pods-PlumberHub.debug.xcconfig */ = {isa = PBXFileReference; includeInIndex = 1; lastKnownFileType = text.xcconfig; name = "Pods-PlumberHub.debug.xcconfig"; path = "Target Support Files/Pods-PlumberHub/Pods-PlumberHub.debug.xcconfig"; sourceTree = "<group>"; };
		FB3C4A5F2A49C8F50080728E /* Network.framework */ = {isa = PBXFileReference; explicitFileType = wrapper.framework; includeInIndex = 0; path = Network.framework; sourceTree = BUILT_PRODUCTS_DIR; };
		FB3C4A662A49C8F50080728E /* NetworkTests.xctest */ = {isa = PBXFileReference; explicitFileType = wrapper.cfbundle; includeInIndex = 0; path = NetworkTests.xctest; sourceTree = BUILT_PRODUCTS_DIR; };
		FB3C4A6D2A49C8F60080728E /* NetworkTests.swift */ = {isa = PBXFileReference; lastKnownFileType = sourcecode.swift; path = NetworkTests.swift; sourceTree = "<group>"; };
		FB3C4A7A2A49C91E0080728E /* Client.swift */ = {isa = PBXFileReference; lastKnownFileType = sourcecode.swift; path = Client.swift; sourceTree = "<group>"; };
		FB3C4A7C2A49C95E0080728E /* Session.swift */ = {isa = PBXFileReference; lastKnownFileType = sourcecode.swift; path = Session.swift; sourceTree = "<group>"; };
		FB3C4A7E2A49D32E0080728E /* NetworkError.swift */ = {isa = PBXFileReference; lastKnownFileType = sourcecode.swift; path = NetworkError.swift; sourceTree = "<group>"; };
		FB4CEEFD2A2E299200382E08 /* Demo.app */ = {isa = PBXFileReference; explicitFileType = wrapper.application; includeInIndex = 0; path = Demo.app; sourceTree = BUILT_PRODUCTS_DIR; };
		FB4CEEFF2A2E299200382E08 /* AppDelegate.swift */ = {isa = PBXFileReference; lastKnownFileType = sourcecode.swift; path = AppDelegate.swift; sourceTree = "<group>"; };
		FB4CEF012A2E299200382E08 /* SceneDelegate.swift */ = {isa = PBXFileReference; lastKnownFileType = sourcecode.swift; path = SceneDelegate.swift; sourceTree = "<group>"; };
		FB4CEF032A2E299200382E08 /* ViewController.swift */ = {isa = PBXFileReference; lastKnownFileType = sourcecode.swift; path = ViewController.swift; sourceTree = "<group>"; };
		FB4CEF062A2E299200382E08 /* Base */ = {isa = PBXFileReference; lastKnownFileType = file.storyboard; name = Base; path = Base.lproj/Main.storyboard; sourceTree = "<group>"; };
		FB4CEF082A2E299400382E08 /* Assets.xcassets */ = {isa = PBXFileReference; lastKnownFileType = folder.assetcatalog; path = Assets.xcassets; sourceTree = "<group>"; };
		FB4CEF0B2A2E299400382E08 /* Base */ = {isa = PBXFileReference; lastKnownFileType = file.storyboard; name = Base; path = Base.lproj/LaunchScreen.storyboard; sourceTree = "<group>"; };
		FB4CEF0D2A2E299400382E08 /* Info.plist */ = {isa = PBXFileReference; lastKnownFileType = text.plist.xml; path = Info.plist; sourceTree = "<group>"; };
		FB546BB22A2634CF00333916 /* PlumberHub.app */ = {isa = PBXFileReference; explicitFileType = wrapper.application; includeInIndex = 0; path = PlumberHub.app; sourceTree = BUILT_PRODUCTS_DIR; };
		FB546BB52A2634CF00333916 /* AppDelegate.swift */ = {isa = PBXFileReference; lastKnownFileType = sourcecode.swift; path = AppDelegate.swift; sourceTree = "<group>"; };
		FB546BB72A2634CF00333916 /* SceneDelegate.swift */ = {isa = PBXFileReference; lastKnownFileType = sourcecode.swift; path = SceneDelegate.swift; sourceTree = "<group>"; };
		FB546BB92A2634CF00333916 /* ViewController.swift */ = {isa = PBXFileReference; lastKnownFileType = sourcecode.swift; path = ViewController.swift; sourceTree = "<group>"; };
		FB546BBC2A2634CF00333916 /* Base */ = {isa = PBXFileReference; lastKnownFileType = file.storyboard; name = Base; path = Base.lproj/Main.storyboard; sourceTree = "<group>"; };
		FB546BBE2A2634D000333916 /* Assets.xcassets */ = {isa = PBXFileReference; lastKnownFileType = folder.assetcatalog; path = Assets.xcassets; sourceTree = "<group>"; };
		FB546BC12A2634D000333916 /* Base */ = {isa = PBXFileReference; lastKnownFileType = file.storyboard; name = Base; path = Base.lproj/LaunchScreen.storyboard; sourceTree = "<group>"; };
		FB546BC32A2634D000333916 /* Info.plist */ = {isa = PBXFileReference; lastKnownFileType = text.plist.xml; path = Info.plist; sourceTree = "<group>"; };
/* End PBXFileReference section */

/* Begin PBXFrameworksBuildPhase section */
		FB3C4A5C2A49C8F50080728E /* Frameworks */ = {
			isa = PBXFrameworksBuildPhase;
			buildActionMask = 2147483647;
			files = (
			);
			runOnlyForDeploymentPostprocessing = 0;
		};
		FB3C4A632A49C8F50080728E /* Frameworks */ = {
			isa = PBXFrameworksBuildPhase;
			buildActionMask = 2147483647;
			files = (
				FB3C4A672A49C8F60080728E /* Network.framework in Frameworks */,
			);
			runOnlyForDeploymentPostprocessing = 0;
		};
		FB4CEEFA2A2E299200382E08 /* Frameworks */ = {
			isa = PBXFrameworksBuildPhase;
			buildActionMask = 2147483647;
			files = (
				0383EE17DC9090AD528F5A3B /* libPods-Demo.a in Frameworks */,
			);
			runOnlyForDeploymentPostprocessing = 0;
		};
		FB546BAF2A2634CF00333916 /* Frameworks */ = {
			isa = PBXFrameworksBuildPhase;
			buildActionMask = 2147483647;
			files = (
				FFED62D658F779C5360B7BC7 /* libPods-PlumberHub.a in Frameworks */,
				FB3C4A722A49C8F60080728E /* Network.framework in Frameworks */,
			);
			runOnlyForDeploymentPostprocessing = 0;
		};
/* End PBXFrameworksBuildPhase section */

/* Begin PBXGroup section */
		6D803D0B0C3F5CFB4B3A7C85 /* Pods */ = {
			isa = PBXGroup;
			children = (
				F3F58496A1A65318B9ED8135 /* Pods-PlumberHub.debug.xcconfig */,
				50D7538A4687DA0ACBB3C730 /* Pods-PlumberHub.release.xcconfig */,
				AE9E86387A9A27F650AE6B9E /* Pods-Demo.debug.xcconfig */,
				DC4CF2E552F6E4FE0B446111 /* Pods-Demo.release.xcconfig */,
			);
			path = Pods;
			sourceTree = "<group>";
		};
		A6043C182BA2CE70A8950DEE /* Frameworks */ = {
			isa = PBXGroup;
			children = (
				CD434D165A021DB2892329F7 /* libPods-PlumberHub.a */,
				5F709ED3EC1D373655B79AA4 /* libPods-Demo.a */,
			);
			name = Frameworks;
			sourceTree = "<group>";
		};
		FB3C4A602A49C8F50080728E /* Network */ = {
			isa = PBXGroup;
			children = (
				FB3C4A7A2A49C91E0080728E /* Client.swift */,
				FB3C4A7C2A49C95E0080728E /* Session.swift */,
				FB3C4A7E2A49D32E0080728E /* NetworkError.swift */,
			);
			path = Network;
			sourceTree = "<group>";
		};
		FB3C4A6C2A49C8F60080728E /* NetworkTests */ = {
			isa = PBXGroup;
			children = (
				FB3C4A6D2A49C8F60080728E /* NetworkTests.swift */,
			);
			path = NetworkTests;
			sourceTree = "<group>";
		};
		FB4CEEFE2A2E299200382E08 /* Demo */ = {
			isa = PBXGroup;
			children = (
				FB4CEEFF2A2E299200382E08 /* AppDelegate.swift */,
				FB4CEF012A2E299200382E08 /* SceneDelegate.swift */,
				FB4CEF032A2E299200382E08 /* ViewController.swift */,
				FB4CEF052A2E299200382E08 /* Main.storyboard */,
				FB4CEF082A2E299400382E08 /* Assets.xcassets */,
				FB4CEF0A2A2E299400382E08 /* LaunchScreen.storyboard */,
				FB4CEF0D2A2E299400382E08 /* Info.plist */,
			);
			path = Demo;
			sourceTree = "<group>";
		};
		FB546BA92A2634CF00333916 = {
			isa = PBXGroup;
			children = (
				FB546BB42A2634CF00333916 /* PlumberHub */,
				FB4CEEFE2A2E299200382E08 /* Demo */,
				FB3C4A602A49C8F50080728E /* Network */,
				FB3C4A6C2A49C8F60080728E /* NetworkTests */,
				FB546BB32A2634CF00333916 /* Products */,
				6D803D0B0C3F5CFB4B3A7C85 /* Pods */,
				A6043C182BA2CE70A8950DEE /* Frameworks */,
			);
			sourceTree = "<group>";
		};
		FB546BB32A2634CF00333916 /* Products */ = {
			isa = PBXGroup;
			children = (
				FB546BB22A2634CF00333916 /* PlumberHub.app */,
				FB4CEEFD2A2E299200382E08 /* Demo.app */,
				FB3C4A5F2A49C8F50080728E /* Network.framework */,
				FB3C4A662A49C8F50080728E /* NetworkTests.xctest */,
			);
			name = Products;
			sourceTree = "<group>";
		};
		FB546BB42A2634CF00333916 /* PlumberHub */ = {
			isa = PBXGroup;
			children = (
				FB546BB52A2634CF00333916 /* AppDelegate.swift */,
				FB546BB72A2634CF00333916 /* SceneDelegate.swift */,
				FB546BB92A2634CF00333916 /* ViewController.swift */,
				FB546BBB2A2634CF00333916 /* Main.storyboard */,
				FB546BBE2A2634D000333916 /* Assets.xcassets */,
				FB546BC02A2634D000333916 /* LaunchScreen.storyboard */,
				FB546BC32A2634D000333916 /* Info.plist */,
			);
			path = PlumberHub;
			sourceTree = "<group>";
		};
/* End PBXGroup section */

/* Begin PBXHeadersBuildPhase section */
		FB3C4A5A2A49C8F50080728E /* Headers */ = {
			isa = PBXHeadersBuildPhase;
			buildActionMask = 2147483647;
			files = (
			);
			runOnlyForDeploymentPostprocessing = 0;
		};
/* End PBXHeadersBuildPhase section */

/* Begin PBXNativeTarget section */
		FB3C4A5E2A49C8F50080728E /* Network */ = {
			isa = PBXNativeTarget;
			buildConfigurationList = FB3C4A782A49C8F60080728E /* Build configuration list for PBXNativeTarget "Network" */;
			buildPhases = (
				FB3C4A5A2A49C8F50080728E /* Headers */,
				FB3C4A5B2A49C8F50080728E /* Sources */,
				FB3C4A5C2A49C8F50080728E /* Frameworks */,
				FB3C4A5D2A49C8F50080728E /* Resources */,
			);
			buildRules = (
			);
			dependencies = (
			);
			name = Network;
			productName = Network;
			productReference = FB3C4A5F2A49C8F50080728E /* Network.framework */;
			productType = "com.apple.product-type.framework";
		};
		FB3C4A652A49C8F50080728E /* NetworkTests */ = {
			isa = PBXNativeTarget;
			buildConfigurationList = FB3C4A792A49C8F60080728E /* Build configuration list for PBXNativeTarget "NetworkTests" */;
			buildPhases = (
				FB3C4A622A49C8F50080728E /* Sources */,
				FB3C4A632A49C8F50080728E /* Frameworks */,
				FB3C4A642A49C8F50080728E /* Resources */,
			);
			buildRules = (
			);
			dependencies = (
				FB3C4A692A49C8F60080728E /* PBXTargetDependency */,
				FB3C4A6B2A49C8F60080728E /* PBXTargetDependency */,
			);
			name = NetworkTests;
			productName = NetworkTests;
			productReference = FB3C4A662A49C8F50080728E /* NetworkTests.xctest */;
			productType = "com.apple.product-type.bundle.unit-test";
		};
		FB4CEEFC2A2E299200382E08 /* Demo */ = {
			isa = PBXNativeTarget;
			buildConfigurationList = FB4CEF102A2E299400382E08 /* Build configuration list for PBXNativeTarget "Demo" */;
			buildPhases = (
				0AE5EFB9F31427BE9E6DC410 /* [CP] Check Pods Manifest.lock */,
				FB4CEEF92A2E299200382E08 /* Sources */,
				FB4CEEFA2A2E299200382E08 /* Frameworks */,
				FB4CEEFB2A2E299200382E08 /* Resources */,
			);
			buildRules = (
			);
			dependencies = (
			);
			name = Demo;
			productName = Demo;
			productReference = FB4CEEFD2A2E299200382E08 /* Demo.app */;
			productType = "com.apple.product-type.application";
		};
		FB546BB12A2634CF00333916 /* PlumberHub */ = {
			isa = PBXNativeTarget;
			buildConfigurationList = FB546BC62A2634D000333916 /* Build configuration list for PBXNativeTarget "PlumberHub" */;
			buildPhases = (
				3108E2AD86E5C67943F76869 /* [CP] Check Pods Manifest.lock */,
				FB546BAE2A2634CF00333916 /* Sources */,
				FB546BAF2A2634CF00333916 /* Frameworks */,
				FB546BB02A2634CF00333916 /* Resources */,
				FB3208072A2E2B34000DAD5F /* Embed Frameworks */,
			);
			buildRules = (
			);
			dependencies = (
				FB3C4A712A49C8F60080728E /* PBXTargetDependency */,
			);
			name = PlumberHub;
			productName = PlumberHub;
			productReference = FB546BB22A2634CF00333916 /* PlumberHub.app */;
			productType = "com.apple.product-type.application";
		};
/* End PBXNativeTarget section */

/* Begin PBXProject section */
		FB546BAA2A2634CF00333916 /* Project object */ = {
			isa = PBXProject;
			attributes = {
				BuildIndependentTargetsInParallel = 1;
				LastSwiftUpdateCheck = 1410;
				LastUpgradeCheck = 1340;
				TargetAttributes = {
					FB3C4A5E2A49C8F50080728E = {
						CreatedOnToolsVersion = 14.1;
						LastSwiftMigration = 1410;
					};
					FB3C4A652A49C8F50080728E = {
						CreatedOnToolsVersion = 14.1;
						TestTargetID = FB546BB12A2634CF00333916;
					};
					FB4CEEFC2A2E299200382E08 = {
						CreatedOnToolsVersion = 14.1;
					};
					FB546BB12A2634CF00333916 = {
						CreatedOnToolsVersion = 13.4.1;
					};
				};
			};
			buildConfigurationList = FB546BAD2A2634CF00333916 /* Build configuration list for PBXProject "PlumberHub" */;
			compatibilityVersion = "Xcode 13.0";
			developmentRegion = en;
			hasScannedForEncodings = 0;
			knownRegions = (
				en,
				Base,
			);
			mainGroup = FB546BA92A2634CF00333916;
			productRefGroup = FB546BB32A2634CF00333916 /* Products */;
			projectDirPath = "";
			projectRoot = "";
			targets = (
				FB546BB12A2634CF00333916 /* PlumberHub */,
				FB4CEEFC2A2E299200382E08 /* Demo */,
				FB3C4A5E2A49C8F50080728E /* Network */,
				FB3C4A652A49C8F50080728E /* NetworkTests */,
			);
		};
/* End PBXProject section */

/* Begin PBXResourcesBuildPhase section */
		FB3C4A5D2A49C8F50080728E /* Resources */ = {
			isa = PBXResourcesBuildPhase;
			buildActionMask = 2147483647;
			files = (
			);
			runOnlyForDeploymentPostprocessing = 0;
		};
		FB3C4A642A49C8F50080728E /* Resources */ = {
			isa = PBXResourcesBuildPhase;
			buildActionMask = 2147483647;
			files = (
			);
			runOnlyForDeploymentPostprocessing = 0;
		};
		FB4CEEFB2A2E299200382E08 /* Resources */ = {
			isa = PBXResourcesBuildPhase;
			buildActionMask = 2147483647;
			files = (
				FB4CEF0C2A2E299400382E08 /* LaunchScreen.storyboard in Resources */,
				FB4CEF092A2E299400382E08 /* Assets.xcassets in Resources */,
				FB4CEF072A2E299200382E08 /* Main.storyboard in Resources */,
			);
			runOnlyForDeploymentPostprocessing = 0;
		};
		FB546BB02A2634CF00333916 /* Resources */ = {
			isa = PBXResourcesBuildPhase;
			buildActionMask = 2147483647;
			files = (
				FB546BC22A2634D000333916 /* LaunchScreen.storyboard in Resources */,
				FB546BBF2A2634D000333916 /* Assets.xcassets in Resources */,
				FB546BBD2A2634CF00333916 /* Main.storyboard in Resources */,
			);
			runOnlyForDeploymentPostprocessing = 0;
		};
/* End PBXResourcesBuildPhase section */

/* Begin PBXShellScriptBuildPhase section */
		0AE5EFB9F31427BE9E6DC410 /* [CP] Check Pods Manifest.lock */ = {
			isa = PBXShellScriptBuildPhase;
			buildActionMask = 2147483647;
			files = (
			);
			inputFileListPaths = (
			);
			inputPaths = (
				"${PODS_PODFILE_DIR_PATH}/Podfile.lock",
				"${PODS_ROOT}/Manifest.lock",
			);
			name = "[CP] Check Pods Manifest.lock";
			outputFileListPaths = (
			);
			outputPaths = (
				"$(DERIVED_FILE_DIR)/Pods-Demo-checkManifestLockResult.txt",
			);
			runOnlyForDeploymentPostprocessing = 0;
			shellPath = /bin/sh;
			shellScript = "diff \"${PODS_PODFILE_DIR_PATH}/Podfile.lock\" \"${PODS_ROOT}/Manifest.lock\" > /dev/null\nif [ $? != 0 ] ; then\n    # print error to STDERR\n    echo \"error: The sandbox is not in sync with the Podfile.lock. Run 'pod install' or update your CocoaPods installation.\" >&2\n    exit 1\nfi\n# This output is used by Xcode 'outputs' to avoid re-running this script phase.\necho \"SUCCESS\" > \"${SCRIPT_OUTPUT_FILE_0}\"\n";
			showEnvVarsInLog = 0;
		};
		3108E2AD86E5C67943F76869 /* [CP] Check Pods Manifest.lock */ = {
			isa = PBXShellScriptBuildPhase;
			buildActionMask = 2147483647;
			files = (
			);
			inputFileListPaths = (
			);
			inputPaths = (
				"${PODS_PODFILE_DIR_PATH}/Podfile.lock",
				"${PODS_ROOT}/Manifest.lock",
			);
			name = "[CP] Check Pods Manifest.lock";
			outputFileListPaths = (
			);
			outputPaths = (
				"$(DERIVED_FILE_DIR)/Pods-PlumberHub-checkManifestLockResult.txt",
			);
			runOnlyForDeploymentPostprocessing = 0;
			shellPath = /bin/sh;
			shellScript = "diff \"${PODS_PODFILE_DIR_PATH}/Podfile.lock\" \"${PODS_ROOT}/Manifest.lock\" > /dev/null\nif [ $? != 0 ] ; then\n    # print error to STDERR\n    echo \"error: The sandbox is not in sync with the Podfile.lock. Run 'pod install' or update your CocoaPods installation.\" >&2\n    exit 1\nfi\n# This output is used by Xcode 'outputs' to avoid re-running this script phase.\necho \"SUCCESS\" > \"${SCRIPT_OUTPUT_FILE_0}\"\n";
			showEnvVarsInLog = 0;
		};
/* End PBXShellScriptBuildPhase section */

/* Begin PBXSourcesBuildPhase section */
		FB3C4A5B2A49C8F50080728E /* Sources */ = {
			isa = PBXSourcesBuildPhase;
			buildActionMask = 2147483647;
			files = (
				FB3C4A7F2A49D32E0080728E /* NetworkError.swift in Sources */,
				FB3C4A7D2A49C95E0080728E /* Session.swift in Sources */,
				FB3C4A7B2A49C91E0080728E /* Client.swift in Sources */,
			);
			runOnlyForDeploymentPostprocessing = 0;
		};
		FB3C4A622A49C8F50080728E /* Sources */ = {
			isa = PBXSourcesBuildPhase;
			buildActionMask = 2147483647;
			files = (
				FB3C4A6E2A49C8F60080728E /* NetworkTests.swift in Sources */,
			);
			runOnlyForDeploymentPostprocessing = 0;
		};
		FB4CEEF92A2E299200382E08 /* Sources */ = {
			isa = PBXSourcesBuildPhase;
			buildActionMask = 2147483647;
			files = (
				FB4CEF042A2E299200382E08 /* ViewController.swift in Sources */,
				FB4CEF002A2E299200382E08 /* AppDelegate.swift in Sources */,
				FB4CEF022A2E299200382E08 /* SceneDelegate.swift in Sources */,
			);
			runOnlyForDeploymentPostprocessing = 0;
		};
		FB546BAE2A2634CF00333916 /* Sources */ = {
			isa = PBXSourcesBuildPhase;
			buildActionMask = 2147483647;
			files = (
				FB546BBA2A2634CF00333916 /* ViewController.swift in Sources */,
				FB546BB62A2634CF00333916 /* AppDelegate.swift in Sources */,
				FB546BB82A2634CF00333916 /* SceneDelegate.swift in Sources */,
			);
			runOnlyForDeploymentPostprocessing = 0;
		};
/* End PBXSourcesBuildPhase section */

/* Begin PBXTargetDependency section */
		FB3C4A692A49C8F60080728E /* PBXTargetDependency */ = {
			isa = PBXTargetDependency;
			target = FB3C4A5E2A49C8F50080728E /* Network */;
			targetProxy = FB3C4A682A49C8F60080728E /* PBXContainerItemProxy */;
		};
		FB3C4A6B2A49C8F60080728E /* PBXTargetDependency */ = {
			isa = PBXTargetDependency;
			target = FB546BB12A2634CF00333916 /* PlumberHub */;
			targetProxy = FB3C4A6A2A49C8F60080728E /* PBXContainerItemProxy */;
		};
		FB3C4A712A49C8F60080728E /* PBXTargetDependency */ = {
			isa = PBXTargetDependency;
			target = FB3C4A5E2A49C8F50080728E /* Network */;
			targetProxy = FB3C4A702A49C8F60080728E /* PBXContainerItemProxy */;
		};
/* End PBXTargetDependency section */

/* Begin PBXVariantGroup section */
		FB4CEF052A2E299200382E08 /* Main.storyboard */ = {
			isa = PBXVariantGroup;
			children = (
				FB4CEF062A2E299200382E08 /* Base */,
			);
			name = Main.storyboard;
			sourceTree = "<group>";
		};
		FB4CEF0A2A2E299400382E08 /* LaunchScreen.storyboard */ = {
			isa = PBXVariantGroup;
			children = (
				FB4CEF0B2A2E299400382E08 /* Base */,
			);
			name = LaunchScreen.storyboard;
			sourceTree = "<group>";
		};
		FB546BBB2A2634CF00333916 /* Main.storyboard */ = {
			isa = PBXVariantGroup;
			children = (
				FB546BBC2A2634CF00333916 /* Base */,
			);
			name = Main.storyboard;
			sourceTree = "<group>";
		};
		FB546BC02A2634D000333916 /* LaunchScreen.storyboard */ = {
			isa = PBXVariantGroup;
			children = (
				FB546BC12A2634D000333916 /* Base */,
			);
			name = LaunchScreen.storyboard;
			sourceTree = "<group>";
		};
/* End PBXVariantGroup section */

/* Begin XCBuildConfiguration section */
		FB3C4A742A49C8F60080728E /* Debug */ = {
			isa = XCBuildConfiguration;
			buildSettings = {
				CLANG_CXX_LANGUAGE_STANDARD = "gnu++20";
				CLANG_ENABLE_MODULES = YES;
				CODE_SIGN_STYLE = Automatic;
				CURRENT_PROJECT_VERSION = 1;
				DEFINES_MODULE = YES;
				DEVELOPMENT_TEAM = TS4DWS8Z33;
				DYLIB_COMPATIBILITY_VERSION = 1;
				DYLIB_CURRENT_VERSION = 1;
				DYLIB_INSTALL_NAME_BASE = "@rpath";
				GENERATE_INFOPLIST_FILE = YES;
				INFOPLIST_KEY_NSHumanReadableCopyright = "";
				INSTALL_PATH = "$(LOCAL_LIBRARY_DIR)/Frameworks";
				IPHONEOS_DEPLOYMENT_TARGET = 16.1;
				LD_RUNPATH_SEARCH_PATHS = (
					"$(inherited)",
					"@executable_path/Frameworks",
					"@loader_path/Frameworks",
				);
				MARKETING_VERSION = 1.0;
				PRODUCT_BUNDLE_IDENTIFIER = RayHsu.Network;
				PRODUCT_NAME = "$(TARGET_NAME:c99extidentifier)";
				SKIP_INSTALL = YES;
				SWIFT_EMIT_LOC_STRINGS = YES;
				SWIFT_OPTIMIZATION_LEVEL = "-Onone";
				SWIFT_VERSION = 5.0;
				TARGETED_DEVICE_FAMILY = "1,2";
				VERSIONING_SYSTEM = "apple-generic";
				VERSION_INFO_PREFIX = "";
			};
			name = Debug;
		};
		FB3C4A752A49C8F60080728E /* Release */ = {
			isa = XCBuildConfiguration;
			buildSettings = {
				CLANG_CXX_LANGUAGE_STANDARD = "gnu++20";
				CLANG_ENABLE_MODULES = YES;
				CODE_SIGN_STYLE = Automatic;
				CURRENT_PROJECT_VERSION = 1;
				DEFINES_MODULE = YES;
				DEVELOPMENT_TEAM = TS4DWS8Z33;
				DYLIB_COMPATIBILITY_VERSION = 1;
				DYLIB_CURRENT_VERSION = 1;
				DYLIB_INSTALL_NAME_BASE = "@rpath";
				GENERATE_INFOPLIST_FILE = YES;
				INFOPLIST_KEY_NSHumanReadableCopyright = "";
				INSTALL_PATH = "$(LOCAL_LIBRARY_DIR)/Frameworks";
				IPHONEOS_DEPLOYMENT_TARGET = 16.1;
				LD_RUNPATH_SEARCH_PATHS = (
					"$(inherited)",
					"@executable_path/Frameworks",
					"@loader_path/Frameworks",
				);
				MARKETING_VERSION = 1.0;
				PRODUCT_BUNDLE_IDENTIFIER = RayHsu.Network;
				PRODUCT_NAME = "$(TARGET_NAME:c99extidentifier)";
				SKIP_INSTALL = YES;
				SWIFT_EMIT_LOC_STRINGS = YES;
				SWIFT_VERSION = 5.0;
				TARGETED_DEVICE_FAMILY = "1,2";
				VERSIONING_SYSTEM = "apple-generic";
				VERSION_INFO_PREFIX = "";
			};
			name = Release;
		};
		FB3C4A762A49C8F60080728E /* Debug */ = {
			isa = XCBuildConfiguration;
			buildSettings = {
				ALWAYS_EMBED_SWIFT_STANDARD_LIBRARIES = YES;
				CLANG_CXX_LANGUAGE_STANDARD = "gnu++20";
				CODE_SIGN_STYLE = Automatic;
				CURRENT_PROJECT_VERSION = 1;
				GENERATE_INFOPLIST_FILE = YES;
				IPHONEOS_DEPLOYMENT_TARGET = 16.1;
				MARKETING_VERSION = 1.0;
				PRODUCT_BUNDLE_IDENTIFIER = RayHsu.NetworkTests;
				PRODUCT_NAME = "$(TARGET_NAME)";
				SWIFT_EMIT_LOC_STRINGS = NO;
				SWIFT_VERSION = 5.0;
				TARGETED_DEVICE_FAMILY = "1,2";
				TEST_HOST = "$(BUILT_PRODUCTS_DIR)/PlumberHub.app/$(BUNDLE_EXECUTABLE_FOLDER_PATH)/PlumberHub";
			};
			name = Debug;
		};
		FB3C4A772A49C8F60080728E /* Release */ = {
			isa = XCBuildConfiguration;
			buildSettings = {
				ALWAYS_EMBED_SWIFT_STANDARD_LIBRARIES = YES;
				CLANG_CXX_LANGUAGE_STANDARD = "gnu++20";
				CODE_SIGN_STYLE = Automatic;
				CURRENT_PROJECT_VERSION = 1;
				GENERATE_INFOPLIST_FILE = YES;
				IPHONEOS_DEPLOYMENT_TARGET = 16.1;
				MARKETING_VERSION = 1.0;
				PRODUCT_BUNDLE_IDENTIFIER = RayHsu.NetworkTests;
				PRODUCT_NAME = "$(TARGET_NAME)";
				SWIFT_EMIT_LOC_STRINGS = NO;
				SWIFT_VERSION = 5.0;
				TARGETED_DEVICE_FAMILY = "1,2";
				TEST_HOST = "$(BUILT_PRODUCTS_DIR)/PlumberHub.app/$(BUNDLE_EXECUTABLE_FOLDER_PATH)/PlumberHub";
			};
			name = Release;
		};
		FB4CEF0E2A2E299400382E08 /* Debug */ = {
			isa = XCBuildConfiguration;
			baseConfigurationReference = AE9E86387A9A27F650AE6B9E /* Pods-Demo.debug.xcconfig */;
			buildSettings = {
				ASSETCATALOG_COMPILER_APPICON_NAME = AppIcon;
				ASSETCATALOG_COMPILER_GLOBAL_ACCENT_COLOR_NAME = AccentColor;
				CLANG_CXX_LANGUAGE_STANDARD = "gnu++20";
				CODE_SIGN_STYLE = Automatic;
				CURRENT_PROJECT_VERSION = 1;
				GENERATE_INFOPLIST_FILE = YES;
				INFOPLIST_FILE = Demo/Info.plist;
				INFOPLIST_KEY_UIApplicationSupportsIndirectInputEvents = YES;
				INFOPLIST_KEY_UILaunchStoryboardName = LaunchScreen;
				INFOPLIST_KEY_UIMainStoryboardFile = Main;
				INFOPLIST_KEY_UISupportedInterfaceOrientations_iPad = "UIInterfaceOrientationPortrait UIInterfaceOrientationPortraitUpsideDown UIInterfaceOrientationLandscapeLeft UIInterfaceOrientationLandscapeRight";
				INFOPLIST_KEY_UISupportedInterfaceOrientations_iPhone = "UIInterfaceOrientationPortrait UIInterfaceOrientationLandscapeLeft UIInterfaceOrientationLandscapeRight";
				IPHONEOS_DEPLOYMENT_TARGET = 16.1;
				LD_RUNPATH_SEARCH_PATHS = (
					"$(inherited)",
					"@executable_path/Frameworks",
				);
				MARKETING_VERSION = 1.0;
				PRODUCT_BUNDLE_IDENTIFIER = RayHsu.Demo;
				PRODUCT_NAME = "$(TARGET_NAME)";
				SWIFT_EMIT_LOC_STRINGS = YES;
				SWIFT_VERSION = 5.0;
				TARGETED_DEVICE_FAMILY = "1,2";
			};
			name = Debug;
		};
		FB4CEF0F2A2E299400382E08 /* Release */ = {
			isa = XCBuildConfiguration;
			baseConfigurationReference = DC4CF2E552F6E4FE0B446111 /* Pods-Demo.release.xcconfig */;
			buildSettings = {
				ASSETCATALOG_COMPILER_APPICON_NAME = AppIcon;
				ASSETCATALOG_COMPILER_GLOBAL_ACCENT_COLOR_NAME = AccentColor;
				CLANG_CXX_LANGUAGE_STANDARD = "gnu++20";
				CODE_SIGN_STYLE = Automatic;
				CURRENT_PROJECT_VERSION = 1;
				GENERATE_INFOPLIST_FILE = YES;
				INFOPLIST_FILE = Demo/Info.plist;
				INFOPLIST_KEY_UIApplicationSupportsIndirectInputEvents = YES;
				INFOPLIST_KEY_UILaunchStoryboardName = LaunchScreen;
				INFOPLIST_KEY_UIMainStoryboardFile = Main;
				INFOPLIST_KEY_UISupportedInterfaceOrientations_iPad = "UIInterfaceOrientationPortrait UIInterfaceOrientationPortraitUpsideDown UIInterfaceOrientationLandscapeLeft UIInterfaceOrientationLandscapeRight";
				INFOPLIST_KEY_UISupportedInterfaceOrientations_iPhone = "UIInterfaceOrientationPortrait UIInterfaceOrientationLandscapeLeft UIInterfaceOrientationLandscapeRight";
				IPHONEOS_DEPLOYMENT_TARGET = 16.1;
				LD_RUNPATH_SEARCH_PATHS = (
					"$(inherited)",
					"@executable_path/Frameworks",
				);
				MARKETING_VERSION = 1.0;
				PRODUCT_BUNDLE_IDENTIFIER = RayHsu.Demo;
				PRODUCT_NAME = "$(TARGET_NAME)";
				SWIFT_EMIT_LOC_STRINGS = YES;
				SWIFT_VERSION = 5.0;
				TARGETED_DEVICE_FAMILY = "1,2";
			};
			name = Release;
		};
		FB546BC42A2634D000333916 /* Debug */ = {
			isa = XCBuildConfiguration;
			buildSettings = {
				ALWAYS_SEARCH_USER_PATHS = NO;
				CLANG_ANALYZER_NONNULL = YES;
				CLANG_ANALYZER_NUMBER_OBJECT_CONVERSION = YES_AGGRESSIVE;
				CLANG_CXX_LANGUAGE_STANDARD = "gnu++17";
				CLANG_ENABLE_MODULES = YES;
				CLANG_ENABLE_OBJC_ARC = YES;
				CLANG_ENABLE_OBJC_WEAK = YES;
				CLANG_WARN_BLOCK_CAPTURE_AUTORELEASING = YES;
				CLANG_WARN_BOOL_CONVERSION = YES;
				CLANG_WARN_COMMA = YES;
				CLANG_WARN_CONSTANT_CONVERSION = YES;
				CLANG_WARN_DEPRECATED_OBJC_IMPLEMENTATIONS = YES;
				CLANG_WARN_DIRECT_OBJC_ISA_USAGE = YES_ERROR;
				CLANG_WARN_DOCUMENTATION_COMMENTS = YES;
				CLANG_WARN_EMPTY_BODY = YES;
				CLANG_WARN_ENUM_CONVERSION = YES;
				CLANG_WARN_INFINITE_RECURSION = YES;
				CLANG_WARN_INT_CONVERSION = YES;
				CLANG_WARN_NON_LITERAL_NULL_CONVERSION = YES;
				CLANG_WARN_OBJC_IMPLICIT_RETAIN_SELF = YES;
				CLANG_WARN_OBJC_LITERAL_CONVERSION = YES;
				CLANG_WARN_OBJC_ROOT_CLASS = YES_ERROR;
				CLANG_WARN_QUOTED_INCLUDE_IN_FRAMEWORK_HEADER = YES;
				CLANG_WARN_RANGE_LOOP_ANALYSIS = YES;
				CLANG_WARN_STRICT_PROTOTYPES = YES;
				CLANG_WARN_SUSPICIOUS_MOVE = YES;
				CLANG_WARN_UNGUARDED_AVAILABILITY = YES_AGGRESSIVE;
				CLANG_WARN_UNREACHABLE_CODE = YES;
				CLANG_WARN__DUPLICATE_METHOD_MATCH = YES;
				COPY_PHASE_STRIP = NO;
				DEBUG_INFORMATION_FORMAT = dwarf;
				ENABLE_STRICT_OBJC_MSGSEND = YES;
				ENABLE_TESTABILITY = YES;
				GCC_C_LANGUAGE_STANDARD = gnu11;
				GCC_DYNAMIC_NO_PIC = NO;
				GCC_NO_COMMON_BLOCKS = YES;
				GCC_OPTIMIZATION_LEVEL = 0;
				GCC_PREPROCESSOR_DEFINITIONS = (
					"DEBUG=1",
					"$(inherited)",
				);
				GCC_WARN_64_TO_32_BIT_CONVERSION = YES;
				GCC_WARN_ABOUT_RETURN_TYPE = YES_ERROR;
				GCC_WARN_UNDECLARED_SELECTOR = YES;
				GCC_WARN_UNINITIALIZED_AUTOS = YES_AGGRESSIVE;
				GCC_WARN_UNUSED_FUNCTION = YES;
				GCC_WARN_UNUSED_VARIABLE = YES;
				IPHONEOS_DEPLOYMENT_TARGET = 15.5;
				MTL_ENABLE_DEBUG_INFO = INCLUDE_SOURCE;
				MTL_FAST_MATH = YES;
				ONLY_ACTIVE_ARCH = YES;
				SDKROOT = iphoneos;
				SWIFT_ACTIVE_COMPILATION_CONDITIONS = DEBUG;
				SWIFT_OPTIMIZATION_LEVEL = "-Onone";
			};
			name = Debug;
		};
		FB546BC52A2634D000333916 /* Release */ = {
			isa = XCBuildConfiguration;
			buildSettings = {
				ALWAYS_SEARCH_USER_PATHS = NO;
				CLANG_ANALYZER_NONNULL = YES;
				CLANG_ANALYZER_NUMBER_OBJECT_CONVERSION = YES_AGGRESSIVE;
				CLANG_CXX_LANGUAGE_STANDARD = "gnu++17";
				CLANG_ENABLE_MODULES = YES;
				CLANG_ENABLE_OBJC_ARC = YES;
				CLANG_ENABLE_OBJC_WEAK = YES;
				CLANG_WARN_BLOCK_CAPTURE_AUTORELEASING = YES;
				CLANG_WARN_BOOL_CONVERSION = YES;
				CLANG_WARN_COMMA = YES;
				CLANG_WARN_CONSTANT_CONVERSION = YES;
				CLANG_WARN_DEPRECATED_OBJC_IMPLEMENTATIONS = YES;
				CLANG_WARN_DIRECT_OBJC_ISA_USAGE = YES_ERROR;
				CLANG_WARN_DOCUMENTATION_COMMENTS = YES;
				CLANG_WARN_EMPTY_BODY = YES;
				CLANG_WARN_ENUM_CONVERSION = YES;
				CLANG_WARN_INFINITE_RECURSION = YES;
				CLANG_WARN_INT_CONVERSION = YES;
				CLANG_WARN_NON_LITERAL_NULL_CONVERSION = YES;
				CLANG_WARN_OBJC_IMPLICIT_RETAIN_SELF = YES;
				CLANG_WARN_OBJC_LITERAL_CONVERSION = YES;
				CLANG_WARN_OBJC_ROOT_CLASS = YES_ERROR;
				CLANG_WARN_QUOTED_INCLUDE_IN_FRAMEWORK_HEADER = YES;
				CLANG_WARN_RANGE_LOOP_ANALYSIS = YES;
				CLANG_WARN_STRICT_PROTOTYPES = YES;
				CLANG_WARN_SUSPICIOUS_MOVE = YES;
				CLANG_WARN_UNGUARDED_AVAILABILITY = YES_AGGRESSIVE;
				CLANG_WARN_UNREACHABLE_CODE = YES;
				CLANG_WARN__DUPLICATE_METHOD_MATCH = YES;
				COPY_PHASE_STRIP = NO;
				DEBUG_INFORMATION_FORMAT = "dwarf-with-dsym";
				ENABLE_NS_ASSERTIONS = NO;
				ENABLE_STRICT_OBJC_MSGSEND = YES;
				GCC_C_LANGUAGE_STANDARD = gnu11;
				GCC_NO_COMMON_BLOCKS = YES;
				GCC_WARN_64_TO_32_BIT_CONVERSION = YES;
				GCC_WARN_ABOUT_RETURN_TYPE = YES_ERROR;
				GCC_WARN_UNDECLARED_SELECTOR = YES;
				GCC_WARN_UNINITIALIZED_AUTOS = YES_AGGRESSIVE;
				GCC_WARN_UNUSED_FUNCTION = YES;
				GCC_WARN_UNUSED_VARIABLE = YES;
				IPHONEOS_DEPLOYMENT_TARGET = 15.5;
				MTL_ENABLE_DEBUG_INFO = NO;
				MTL_FAST_MATH = YES;
				SDKROOT = iphoneos;
				SWIFT_COMPILATION_MODE = wholemodule;
				SWIFT_OPTIMIZATION_LEVEL = "-O";
				VALIDATE_PRODUCT = YES;
			};
			name = Release;
		};
		FB546BC72A2634D000333916 /* Debug */ = {
			isa = XCBuildConfiguration;
			baseConfigurationReference = F3F58496A1A65318B9ED8135 /* Pods-PlumberHub.debug.xcconfig */;
			buildSettings = {
				ALWAYS_EMBED_SWIFT_STANDARD_LIBRARIES = YES;
				ASSETCATALOG_COMPILER_APPICON_NAME = AppIcon;
				ASSETCATALOG_COMPILER_GLOBAL_ACCENT_COLOR_NAME = AccentColor;
				CODE_SIGN_STYLE = Automatic;
				CURRENT_PROJECT_VERSION = 1;
				DEVELOPMENT_TEAM = TS4DWS8Z33;
				GENERATE_INFOPLIST_FILE = YES;
				INFOPLIST_FILE = PlumberHub/Info.plist;
				INFOPLIST_KEY_UIApplicationSupportsIndirectInputEvents = YES;
				INFOPLIST_KEY_UILaunchStoryboardName = LaunchScreen;
				INFOPLIST_KEY_UIMainStoryboardFile = Main;
				INFOPLIST_KEY_UISupportedInterfaceOrientations_iPad = "UIInterfaceOrientationPortrait UIInterfaceOrientationPortraitUpsideDown UIInterfaceOrientationLandscapeLeft UIInterfaceOrientationLandscapeRight";
				INFOPLIST_KEY_UISupportedInterfaceOrientations_iPhone = "UIInterfaceOrientationPortrait UIInterfaceOrientationLandscapeLeft UIInterfaceOrientationLandscapeRight";
				LD_RUNPATH_SEARCH_PATHS = (
					"$(inherited)",
					"@executable_path/Frameworks",
				);
				MARKETING_VERSION = 1.0;
				PRODUCT_BUNDLE_IDENTIFIER = Plumber.PlumberHub;
				PRODUCT_NAME = "$(TARGET_NAME)";
				SWIFT_EMIT_LOC_STRINGS = YES;
				SWIFT_VERSION = 5.0;
				TARGETED_DEVICE_FAMILY = "1,2";
			};
			name = Debug;
		};
		FB546BC82A2634D000333916 /* Release */ = {
			isa = XCBuildConfiguration;
			baseConfigurationReference = 50D7538A4687DA0ACBB3C730 /* Pods-PlumberHub.release.xcconfig */;
			buildSettings = {
				ALWAYS_EMBED_SWIFT_STANDARD_LIBRARIES = YES;
				ASSETCATALOG_COMPILER_APPICON_NAME = AppIcon;
				ASSETCATALOG_COMPILER_GLOBAL_ACCENT_COLOR_NAME = AccentColor;
				CODE_SIGN_STYLE = Automatic;
				CURRENT_PROJECT_VERSION = 1;
				DEVELOPMENT_TEAM = TS4DWS8Z33;
				GENERATE_INFOPLIST_FILE = YES;
				INFOPLIST_FILE = PlumberHub/Info.plist;
				INFOPLIST_KEY_UIApplicationSupportsIndirectInputEvents = YES;
				INFOPLIST_KEY_UILaunchStoryboardName = LaunchScreen;
				INFOPLIST_KEY_UIMainStoryboardFile = Main;
				INFOPLIST_KEY_UISupportedInterfaceOrientations_iPad = "UIInterfaceOrientationPortrait UIInterfaceOrientationPortraitUpsideDown UIInterfaceOrientationLandscapeLeft UIInterfaceOrientationLandscapeRight";
				INFOPLIST_KEY_UISupportedInterfaceOrientations_iPhone = "UIInterfaceOrientationPortrait UIInterfaceOrientationLandscapeLeft UIInterfaceOrientationLandscapeRight";
				LD_RUNPATH_SEARCH_PATHS = (
					"$(inherited)",
					"@executable_path/Frameworks",
				);
				MARKETING_VERSION = 1.0;
				PRODUCT_BUNDLE_IDENTIFIER = Plumber.PlumberHub;
				PRODUCT_NAME = "$(TARGET_NAME)";
				SWIFT_EMIT_LOC_STRINGS = YES;
				SWIFT_VERSION = 5.0;
				TARGETED_DEVICE_FAMILY = "1,2";
			};
			name = Release;
		};
/* End XCBuildConfiguration section */

/* Begin XCConfigurationList section */
		FB3C4A782A49C8F60080728E /* Build configuration list for PBXNativeTarget "Network" */ = {
			isa = XCConfigurationList;
			buildConfigurations = (
				FB3C4A742A49C8F60080728E /* Debug */,
				FB3C4A752A49C8F60080728E /* Release */,
			);
			defaultConfigurationIsVisible = 0;
			defaultConfigurationName = Release;
		};
		FB3C4A792A49C8F60080728E /* Build configuration list for PBXNativeTarget "NetworkTests" */ = {
			isa = XCConfigurationList;
			buildConfigurations = (
				FB3C4A762A49C8F60080728E /* Debug */,
				FB3C4A772A49C8F60080728E /* Release */,
			);
			defaultConfigurationIsVisible = 0;
			defaultConfigurationName = Release;
		};
		FB4CEF102A2E299400382E08 /* Build configuration list for PBXNativeTarget "Demo" */ = {
			isa = XCConfigurationList;
			buildConfigurations = (
				FB4CEF0E2A2E299400382E08 /* Debug */,
				FB4CEF0F2A2E299400382E08 /* Release */,
			);
			defaultConfigurationIsVisible = 0;
			defaultConfigurationName = Release;
		};
		FB546BAD2A2634CF00333916 /* Build configuration list for PBXProject "PlumberHub" */ = {
			isa = XCConfigurationList;
			buildConfigurations = (
				FB546BC42A2634D000333916 /* Debug */,
				FB546BC52A2634D000333916 /* Release */,
			);
			defaultConfigurationIsVisible = 0;
			defaultConfigurationName = Release;
		};
		FB546BC62A2634D000333916 /* Build configuration list for PBXNativeTarget "PlumberHub" */ = {
			isa = XCConfigurationList;
			buildConfigurations = (
				FB546BC72A2634D000333916 /* Debug */,
				FB546BC82A2634D000333916 /* Release */,
			);
			defaultConfigurationIsVisible = 0;
			defaultConfigurationName = Release;
		};
/* End XCConfigurationList section */
	};
	rootObject = FB546BAA2A2634CF00333916 /* Project object */;
}
